
Microsoft Visual Studio Solution File, Format Version 12.00
# Visual Studio Version 17
VisualStudioVersion = 17.2.32616.157
MinimumVisualStudioVersion = 10.0.40219.1
Project("{9A19103F-16F7-4668-BE54-9A1E7A4F7556}") = "Student-API", "Student-API\Student-API.csproj", "{77349ED6-B95E-4ADC-BB39-F6A090F3F776}"
EndProject
Project("{FAE04EC0-301F-11D3-BF4B-00C04F79EFBC}") = "UnitTests", "UnitTests\UnitTests.csproj", "{8E7311B1-7268-430F-82DA-D4435E65ACA0}"
EndProject
Global
	GlobalSection(SolutionConfigurationPlatforms) = preSolution
		Debug|Any CPU = Debug|Any CPU
		Release|Any CPU = Release|Any CPU
	EndGlobalSection
	GlobalSection(ProjectConfigurationPlatforms) = postSolution
		{77349ED6-B95E-4ADC-BB39-F6A090F3F776}.Debug|Any CPU.ActiveCfg = Debug|Any CPU
		{77349ED6-B95E-4ADC-BB39-F6A090F3F776}.Debug|Any CPU.Build.0 = Debug|Any CPU
		{77349ED6-B95E-4ADC-BB39-F6A090F3F776}.Release|Any CPU.ActiveCfg = Release|Any CPU
		{77349ED6-B95E-4ADC-BB39-F6A090F3F776}.Release|Any CPU.Build.0 = Release|Any CPU
		{8E7311B1-7268-430F-82DA-D4435E65ACA0}.Debug|Any CPU.ActiveCfg = Debug|Any CPU
		{8E7311B1-7268-430F-82DA-D4435E65ACA0}.Debug|Any CPU.Build.0 = Debug|Any CPU
		{8E7311B1-7268-430F-82DA-D4435E65ACA0}.Release|Any CPU.ActiveCfg = Release|Any CPU
		{8E7311B1-7268-430F-82DA-D4435E65ACA0}.Release|Any CPU.Build.0 = Release|Any CPU
	EndGlobalSection
	GlobalSection(SolutionProperties) = preSolution
		HideSolutionNode = FALSE
	EndGlobalSection
	GlobalSection(ExtensibilityGlobals) = postSolution
		SolutionGuid = {2FB43C37-2EBE-4B86-964A-1EC7F3FA659C}
	EndGlobalSection
EndGlobal
